
Microsoft Visual Studio Solution File, Format Version 12.00
# Visual Studio Version 17
VisualStudioVersion = 17.7.34031.279
MinimumVisualStudioVersion = 10.0.40219.1
Project("{888888A0-9F3D-457C-B088-3A5042F75D52}") = "3K-VICCALDEROON-P2-PYTHON", "3K-VICCALDEROON-P2-PYTHON\3K-VICCALDEROON-P2-PYTHON.pyproj", "{BC32B277-29F3-4735-9B04-F0C36F2CB96D}"
EndProject
Global
	GlobalSection(SolutionConfigurationPlatforms) = preSolution
		Debug|Any CPU = Debug|Any CPU
		Release|Any CPU = Release|Any CPU
	EndGlobalSection
	GlobalSection(ProjectConfigurationPlatforms) = postSolution
		{BC32B277-29F3-4735-9B04-F0C36F2CB96D}.Debug|Any CPU.ActiveCfg = Debug|Any CPU
		{BC32B277-29F3-4735-9B04-F0C36F2CB96D}.Release|Any CPU.ActiveCfg = Release|Any CPU
	EndGlobalSection
	GlobalSection(SolutionProperties) = preSolution
		HideSolutionNode = FALSE
	EndGlobalSection
	GlobalSection(ExtensibilityGlobals) = postSolution
		SolutionGuid = {015245A3-6ED4-4D5F-A2D2-35130988F8F7}
	EndGlobalSection
EndGlobal
